PODS:
  - FlutterMacOS (1.0.0)
  - p2p_lib_flutter (0.0.1):
    - FlutterMacOS

DEPENDENCIES:
  - FlutterMacOS (from `Flutter/ephemeral`)
  - p2p_lib_flutter (from `Flutter/ephemeral/.symlinks/plugins/p2p_lib_flutter/macos`)

EXTERNAL SOURCES:
  FlutterMacOS:
    :path: Flutter/ephemeral
  p2p_lib_flutter:
    :path: Flutter/ephemeral/.symlinks/plugins/p2p_lib_flutter/macos

SPEC CHECKSUMS:
  FlutterMacOS: d0db08ddef1a9af05a5ec4b724367152bb0500b1
  p2p_lib_flutter: 228a12c03cb84316c96c549f6eea5e37660307d3

PODFILE CHECKSUM: 54d867c82ac51cbd61b565781b9fada492027009

COCOAPODS: 1.16.2
